
Microsoft Visual Studio Solution File, Format Version 12.00
# Visual Studio Version 16
VisualStudioVersion = 16.0.29201.188
MinimumVisualStudioVersion = 10.0.40219.1
Project("{FAE04EC0-301F-11D3-BF4B-00C04F79EFBC}") = "Excersise5", "New1\Excersise5.csproj", "{71177C8C-41EB-4001-840F-8EF9D30A5630}"
EndProject
Project("{FAE04EC0-301F-11D3-BF4B-00C04F79EFBC}") = "Excersise6", "Excersise6\Excersise6.csproj", "{1DD3FD9F-E7C8-4FDE-A106-3C1DEE77C452}"
EndProject
Project("{FAE04EC0-301F-11D3-BF4B-00C04F79EFBC}") = "Excercise7", "Excercise7\Excercise7.csproj", "{05913F43-ED5C-4CAF-82C6-655582DC6111}"
EndProject
Project("{FAE04EC0-301F-11D3-BF4B-00C04F79EFBC}") = "Excersise8", "Excersise8\Excersise8.csproj", "{CF8EE105-E994-4977-A18B-F04429F6A9A7}"
EndProject
Project("{FAE04EC0-301F-11D3-BF4B-00C04F79EFBC}") = "Excersise9", "Excersise9\Excersise9.csproj", "{72FBFFF1-858A-498C-8C59-A584DA9C3245}"
EndProject
Global
	GlobalSection(SolutionConfigurationPlatforms) = preSolution
		Debug|Any CPU = Debug|Any CPU
		Release|Any CPU = Release|Any CPU
	EndGlobalSection
	GlobalSection(ProjectConfigurationPlatforms) = postSolution
		{71177C8C-41EB-4001-840F-8EF9D30A5630}.Debug|Any CPU.ActiveCfg = Debug|Any CPU
		{71177C8C-41EB-4001-840F-8EF9D30A5630}.Debug|Any CPU.Build.0 = Debug|Any CPU
		{71177C8C-41EB-4001-840F-8EF9D30A5630}.Release|Any CPU.ActiveCfg = Release|Any CPU
		{71177C8C-41EB-4001-840F-8EF9D30A5630}.Release|Any CPU.Build.0 = Release|Any CPU
		{1DD3FD9F-E7C8-4FDE-A106-3C1DEE77C452}.Debug|Any CPU.ActiveCfg = Debug|Any CPU
		{1DD3FD9F-E7C8-4FDE-A106-3C1DEE77C452}.Debug|Any CPU.Build.0 = Debug|Any CPU
		{1DD3FD9F-E7C8-4FDE-A106-3C1DEE77C452}.Release|Any CPU.ActiveCfg = Release|Any CPU
		{1DD3FD9F-E7C8-4FDE-A106-3C1DEE77C452}.Release|Any CPU.Build.0 = Release|Any CPU
		{05913F43-ED5C-4CAF-82C6-655582DC6111}.Debug|Any CPU.ActiveCfg = Debug|Any CPU
		{05913F43-ED5C-4CAF-82C6-655582DC6111}.Debug|Any CPU.Build.0 = Debug|Any CPU
		{05913F43-ED5C-4CAF-82C6-655582DC6111}.Release|Any CPU.ActiveCfg = Release|Any CPU
		{05913F43-ED5C-4CAF-82C6-655582DC6111}.Release|Any CPU.Build.0 = Release|Any CPU
		{CF8EE105-E994-4977-A18B-F04429F6A9A7}.Debug|Any CPU.ActiveCfg = Debug|Any CPU
		{CF8EE105-E994-4977-A18B-F04429F6A9A7}.Debug|Any CPU.Build.0 = Debug|Any CPU
		{CF8EE105-E994-4977-A18B-F04429F6A9A7}.Release|Any CPU.ActiveCfg = Release|Any CPU
		{CF8EE105-E994-4977-A18B-F04429F6A9A7}.Release|Any CPU.Build.0 = Release|Any CPU
		{72FBFFF1-858A-498C-8C59-A584DA9C3245}.Debug|Any CPU.ActiveCfg = Debug|Any CPU
		{72FBFFF1-858A-498C-8C59-A584DA9C3245}.Debug|Any CPU.Build.0 = Debug|Any CPU
		{72FBFFF1-858A-498C-8C59-A584DA9C3245}.Release|Any CPU.ActiveCfg = Release|Any CPU
		{72FBFFF1-858A-498C-8C59-A584DA9C3245}.Release|Any CPU.Build.0 = Release|Any CPU
	EndGlobalSection
	GlobalSection(SolutionProperties) = preSolution
		HideSolutionNode = FALSE
	EndGlobalSection
	GlobalSection(ExtensibilityGlobals) = postSolution
		SolutionGuid = {8B95775B-05A1-4F17-BFB1-EE11EFFDFD94}
	EndGlobalSection
EndGlobal
